
Microsoft Visual Studio Solution File, Format Version 12.00
# Visual Studio Version 16
VisualStudioVersion = 16.0.29318.209
MinimumVisualStudioVersion = 10.0.40219.1
Project("{8BC9CEB8-8B4A-11D0-8D11-00A0C91BC942}") = "Project2", "Project2\Project2.vcxproj", "{CCEBF5E8-A015-4033-85CC-A99D24BEC09E}"
EndProject
Global
	GlobalSection(SolutionConfigurationPlatforms) = preSolution
		Debug|x64 = Debug|x64
		Debug|x86 = Debug|x86
		Release|x64 = Release|x64
		Release|x86 = Release|x86
	EndGlobalSection
	GlobalSection(ProjectConfigurationPlatforms) = postSolution
		{CCEBF5E8-A015-4033-85CC-A99D24BEC09E}.Debug|x64.ActiveCfg = Debug|x64
		{CCEBF5E8-A015-4033-85CC-A99D24BEC09E}.Debug|x64.Build.0 = Debug|x64
		{CCEBF5E8-A015-4033-85CC-A99D24BEC09E}.Debug|x86.ActiveCfg = Debug|Win32
		{CCEBF5E8-A015-4033-85CC-A99D24BEC09E}.Debug|x86.Build.0 = Debug|Win32
		{CCEBF5E8-A015-4033-85CC-A99D24BEC09E}.Release|x64.ActiveCfg = Release|x64
		{CCEBF5E8-A015-4033-85CC-A99D24BEC09E}.Release|x64.Build.0 = Release|x64
		{CCEBF5E8-A015-4033-85CC-A99D24BEC09E}.Release|x86.ActiveCfg = Release|Win32
		{CCEBF5E8-A015-4033-85CC-A99D24BEC09E}.Release|x86.Build.0 = Release|Win32
	EndGlobalSection
	GlobalSection(SolutionProperties) = preSolution
		HideSolutionNode = FALSE
	EndGlobalSection
	GlobalSection(ExtensibilityGlobals) = postSolution
		SolutionGuid = {73783495-8C6F-4385-A175-7C90A7783973}
	EndGlobalSection
EndGlobal
